
Microsoft Visual Studio Solution File, Format Version 12.00
# Visual Studio 14
VisualStudioVersion = 14.0.24720.0
MinimumVisualStudioVersion = 10.0.40219.1
Project("{FAE04EC0-301F-11D3-BF4B-00C04F79EFBC}") = "A.CountingSheep", "A.CountingSheep\A.CountingSheep.csproj", "{3DBFEE80-1AC1-4D7F-BCEE-6F53E3285639}"
EndProject
Project("{FAE04EC0-301F-11D3-BF4B-00C04F79EFBC}") = "Tool", "Tool\Tool.csproj", "{781F9182-CB6D-477B-8650-CA86E5BFEDD3}"
EndProject
Project("{FAE04EC0-301F-11D3-BF4B-00C04F79EFBC}") = "B.Pancakes", "B.Pancakes\B.Pancakes.csproj", "{B25A6543-3365-4C53-B11E-FA8270BF659C}"
EndProject
Global
	GlobalSection(SolutionConfigurationPlatforms) = preSolution
		Debug|Any CPU = Debug|Any CPU
		Release|Any CPU = Release|Any CPU
	EndGlobalSection
	GlobalSection(ProjectConfigurationPlatforms) = postSolution
		{3DBFEE80-1AC1-4D7F-BCEE-6F53E3285639}.Debug|Any CPU.ActiveCfg = Debug|Any CPU
		{3DBFEE80-1AC1-4D7F-BCEE-6F53E3285639}.Debug|Any CPU.Build.0 = Debug|Any CPU
		{3DBFEE80-1AC1-4D7F-BCEE-6F53E3285639}.Release|Any CPU.ActiveCfg = Release|Any CPU
		{3DBFEE80-1AC1-4D7F-BCEE-6F53E3285639}.Release|Any CPU.Build.0 = Release|Any CPU
		{781F9182-CB6D-477B-8650-CA86E5BFEDD3}.Debug|Any CPU.ActiveCfg = Debug|Any CPU
		{781F9182-CB6D-477B-8650-CA86E5BFEDD3}.Debug|Any CPU.Build.0 = Debug|Any CPU
		{781F9182-CB6D-477B-8650-CA86E5BFEDD3}.Release|Any CPU.ActiveCfg = Release|Any CPU
		{781F9182-CB6D-477B-8650-CA86E5BFEDD3}.Release|Any CPU.Build.0 = Release|Any CPU
		{B25A6543-3365-4C53-B11E-FA8270BF659C}.Debug|Any CPU.ActiveCfg = Debug|Any CPU
		{B25A6543-3365-4C53-B11E-FA8270BF659C}.Debug|Any CPU.Build.0 = Debug|Any CPU
		{B25A6543-3365-4C53-B11E-FA8270BF659C}.Release|Any CPU.ActiveCfg = Release|Any CPU
		{B25A6543-3365-4C53-B11E-FA8270BF659C}.Release|Any CPU.Build.0 = Release|Any CPU
	EndGlobalSection
	GlobalSection(SolutionProperties) = preSolution
		HideSolutionNode = FALSE
	EndGlobalSection
EndGlobal
